// !$*UTF8*$!
{
	archiveVersion = 1;
	classes = {
	};
	objectVersion = 56;
	objects = {

/* Begin PBXBuildFile section */
		9430D2102BC4769E00C70C1E /* PrivacyInfo.xcprivacy in Resources */ = {isa = PBXBuildFile; fileRef = 9430D20F2BC4769E00C70C1E /* PrivacyInfo.xcprivacy */; };
		94B79BDA2AC4DB8200453F98 /* sqlite.h in Headers */ = {isa = PBXBuildFile; fileRef = 941862372A97C5CB00CCFEE1 /* sqlite.h */; settings = {ATTRIBUTES = (Public, ); }; };
		94B79BE12AC4DC5900453F98 /* sqlite3.h in Headers */ = {isa = PBXBuildFile; fileRef = 94B79BDE2AC4DC5900453F98 /* sqlite3.h */; settings = {ATTRIBUTES = (Public, ); }; };
		94B79BE22AC4DC5900453F98 /* sqlite3.c in Sources */ = {isa = PBXBuildFile; fileRef = 94B79BDF2AC4DC5900453F98 /* sqlite3.c */; };
		94B79BE62AC4DE1E00453F98 /* sqlite3rc.h in Headers */ = {isa = PBXBuildFile; fileRef = 94B79BE52AC4DE1E00453F98 /* sqlite3rc.h */; settings = {ATTRIBUTES = (Public, ); }; };
		94B79BEB2AC4DE8800453F98 /* utilities.h in Headers */ = {isa = PBXBuildFile; fileRef = 94B79BEA2AC4DE8800453F98 /* utilities.h */; settings = {ATTRIBUTES = (Private, ); }; };
		94B79BED2AC4DF0900453F98 /* utilities.cpp in Sources */ = {isa = PBXBuildFile; fileRef = 94B79BEC2AC4DF0900453F98 /* utilities.cpp */; };
		94B79BEF2AC4DF2D00453F98 /* TPISQLiteUtilities.h in Headers */ = {isa = PBXBuildFile; fileRef = 94B79BEE2AC4DF2D00453F98 /* TPISQLiteUtilities.h */; settings = {ATTRIBUTES = (Public, ); }; };
		94B79BF12AC4DF4A00453F98 /* TPISQLiteUtilities.mm in Sources */ = {isa = PBXBuildFile; fileRef = 94B79BF02AC4DF4A00453F98 /* TPISQLiteUtilities.mm */; };
/* End PBXBuildFile section */

/* Begin PBXCopyFilesBuildPhase section */
		941862912A97D38F00CCFEE1 /* CopyFiles */ = {
			isa = PBXCopyFilesBuildPhase;
			buildActionMask = 2147483647;
			dstPath = Headers;
			dstSubfolderSpec = 1;
			files = (
			);
			runOnlyForDeploymentPostprocessing = 0;
		};
/* End PBXCopyFilesBuildPhase section */

/* Begin PBXFileReference section */
		941862342A97C5CB00CCFEE1 /* sqlite.framework */ = {isa = PBXFileReference; explicitFileType = wrapper.framework; includeInIndex = 0; path = sqlite.framework; sourceTree = BUILT_PRODUCTS_DIR; };
		941862372A97C5CB00CCFEE1 /* sqlite.h */ = {isa = PBXFileReference; lastKnownFileType = sourcecode.c.h; path = sqlite.h; sourceTree = "<group>"; };
		9430D20F2BC4769E00C70C1E /* PrivacyInfo.xcprivacy */ = {isa = PBXFileReference; lastKnownFileType = text.xml; path = PrivacyInfo.xcprivacy; sourceTree = "<group>"; };
		94B79BDE2AC4DC5900453F98 /* sqlite3.h */ = {isa = PBXFileReference; fileEncoding = 4; lastKnownFileType = sourcecode.c.h; name = sqlite3.h; path = ../../../src/sqlite/sqlite3.h; sourceTree = "<group>"; };
		94B79BDF2AC4DC5900453F98 /* sqlite3.c */ = {isa = PBXFileReference; fileEncoding = 4; lastKnownFileType = sourcecode.c.c; name = sqlite3.c; path = ../../../src/sqlite/sqlite3.c; sourceTree = "<group>"; };
		94B79BE52AC4DE1E00453F98 /* sqlite3rc.h */ = {isa = PBXFileReference; fileEncoding = 4; lastKnownFileType = sourcecode.c.h; name = sqlite3rc.h; path = ../../../src/sqlite/sqlite3rc.h; sourceTree = "<group>"; };
		94B79BEA2AC4DE8800453F98 /* utilities.h */ = {isa = PBXFileReference; explicitFileType = sourcecode.cpp.h; fileEncoding = 4; name = utilities.h; path = ../../../include/tp/sqlite/utilities.h; sourceTree = "<group>"; };
		94B79BEC2AC4DF0900453F98 /* utilities.cpp */ = {isa = PBXFileReference; fileEncoding = 4; lastKnownFileType = sourcecode.cpp.cpp; name = utilities.cpp; path = ../../../src/totalpave/sqlite/utilities.cpp; sourceTree = "<group>"; };
		94B79BEE2AC4DF2D00453F98 /* TPISQLiteUtilities.h */ = {isa = PBXFileReference; lastKnownFileType = sourcecode.c.h; path = TPISQLiteUtilities.h; sourceTree = "<group>"; };
		94B79BF02AC4DF4A00453F98 /* TPISQLiteUtilities.mm */ = {isa = PBXFileReference; lastKnownFileType = sourcecode.cpp.objcpp; path = TPISQLiteUtilities.mm; sourceTree = "<group>"; };
/* End PBXFileReference section */

/* Begin PBXFrameworksBuildPhase section */
		941862312A97C5CB00CCFEE1 /* Frameworks */ = {
			isa = PBXFrameworksBuildPhase;
			buildActionMask = 2147483647;
			files = (
			);
			runOnlyForDeploymentPostprocessing = 0;
		};
/* End PBXFrameworksBuildPhase section */

/* Begin PBXGroup section */
		9418622A2A97C5CB00CCFEE1 = {
			isa = PBXGroup;
			children = (
				9430D20F2BC4769E00C70C1E /* PrivacyInfo.xcprivacy */,
				941862362A97C5CB00CCFEE1 /* sqlite */,
				941862352A97C5CB00CCFEE1 /* Products */,
				941862622A97C7EA00CCFEE1 /* Frameworks */,
			);
			sourceTree = "<group>";
		};
		941862352A97C5CB00CCFEE1 /* Products */ = {
			isa = PBXGroup;
			children = (
				941862342A97C5CB00CCFEE1 /* sqlite.framework */,
			);
			name = Products;
			sourceTree = "<group>";
		};
		941862362A97C5CB00CCFEE1 /* sqlite */ = {
			isa = PBXGroup;
			children = (
				94B79BE92AC4DE7600453F98 /* tp-internal */,
				94B79BDD2AC4DC2300453F98 /* sqlite */,
				941862372A97C5CB00CCFEE1 /* sqlite.h */,
				94B79BEE2AC4DF2D00453F98 /* TPISQLiteUtilities.h */,
				94B79BF02AC4DF4A00453F98 /* TPISQLiteUtilities.mm */,
			);
			path = sqlite;
			sourceTree = "<group>";
		};
		941862622A97C7EA00CCFEE1 /* Frameworks */ = {
			isa = PBXGroup;
			children = (
			);
			name = Frameworks;
			sourceTree = "<group>";
		};
		94B79BDD2AC4DC2300453F98 /* sqlite */ = {
			isa = PBXGroup;
			children = (
				94B79BE52AC4DE1E00453F98 /* sqlite3rc.h */,
				94B79BDF2AC4DC5900453F98 /* sqlite3.c */,
				94B79BDE2AC4DC5900453F98 /* sqlite3.h */,
			);
			name = sqlite;
			sourceTree = "<group>";
		};
		94B79BE92AC4DE7600453F98 /* tp-internal */ = {
			isa = PBXGroup;
			children = (
				94B79BEA2AC4DE8800453F98 /* utilities.h */,
				94B79BEC2AC4DF0900453F98 /* utilities.cpp */,
			);
			name = "tp-internal";
			sourceTree = "<group>";
		};
/* End PBXGroup section */

/* Begin PBXHeadersBuildPhase section */
		9418622F2A97C5CB00CCFEE1 /* Headers */ = {
			isa = PBXHeadersBuildPhase;
			buildActionMask = 2147483647;
			files = (
				94B79BE12AC4DC5900453F98 /* sqlite3.h in Headers */,
				94B79BDA2AC4DB8200453F98 /* sqlite.h in Headers */,
				94B79BEF2AC4DF2D00453F98 /* TPISQLiteUtilities.h in Headers */,
				94B79BEB2AC4DE8800453F98 /* utilities.h in Headers */,
				94B79BE62AC4DE1E00453F98 /* sqlite3rc.h in Headers */,
			);
			runOnlyForDeploymentPostprocessing = 0;
		};
/* End PBXHeadersBuildPhase section */

/* Begin PBXNativeTarget section */
		941862332A97C5CB00CCFEE1 /* sqlite */ = {
			isa = PBXNativeTarget;
			buildConfigurationList = 941862462A97C5CB00CCFEE1 /* Build configuration list for PBXNativeTarget "sqlite" */;
			buildPhases = (
				9418622F2A97C5CB00CCFEE1 /* Headers */,
				941862302A97C5CB00CCFEE1 /* Sources */,
				941862312A97C5CB00CCFEE1 /* Frameworks */,
				941862322A97C5CB00CCFEE1 /* Resources */,
				941862912A97D38F00CCFEE1 /* CopyFiles */,
			);
			buildRules = (
			);
			dependencies = (
			);
			name = sqlite;
			productName = sqlite3;
			productReference = 941862342A97C5CB00CCFEE1 /* sqlite.framework */;
			productType = "com.apple.product-type.framework";
		};
/* End PBXNativeTarget section */

/* Begin PBXProject section */
		9418622B2A97C5CB00CCFEE1 /* Project object */ = {
			isa = PBXProject;
			attributes = {
				BuildIndependentTargetsInParallel = 1;
				LastUpgradeCheck = 1500;
				TargetAttributes = {
					941862332A97C5CB00CCFEE1 = {
						CreatedOnToolsVersion = 14.3.1;
					};
				};
			};
			buildConfigurationList = 9418622E2A97C5CB00CCFEE1 /* Build configuration list for PBXProject "sqlite" */;
			compatibilityVersion = "Xcode 14.0";
			developmentRegion = en;
			hasScannedForEncodings = 0;
			knownRegions = (
				en,
				Base,
			);
			mainGroup = 9418622A2A97C5CB00CCFEE1;
			productRefGroup = 941862352A97C5CB00CCFEE1 /* Products */;
			projectDirPath = "";
			projectRoot = "";
			targets = (
				941862332A97C5CB00CCFEE1 /* sqlite */,
			);
		};
/* End PBXProject section */

/* Begin PBXResourcesBuildPhase section */
		941862322A97C5CB00CCFEE1 /* Resources */ = {
			isa = PBXResourcesBuildPhase;
			buildActionMask = 2147483647;
			files = (
				9430D2102BC4769E00C70C1E /* PrivacyInfo.xcprivacy in Resources */,
			);
			runOnlyForDeploymentPostprocessing = 0;
		};
/* End PBXResourcesBuildPhase section */

/* Begin PBXSourcesBuildPhase section */
		941862302A97C5CB00CCFEE1 /* Sources */ = {
			isa = PBXSourcesBuildPhase;
			buildActionMask = 2147483647;
			files = (
				94B79BED2AC4DF0900453F98 /* utilities.cpp in Sources */,
				94B79BF12AC4DF4A00453F98 /* TPISQLiteUtilities.mm in Sources */,
				94B79BE22AC4DC5900453F98 /* sqlite3.c in Sources */,
			);
			runOnlyForDeploymentPostprocessing = 0;
		};
/* End PBXSourcesBuildPhase section */

/* Begin XCBuildConfiguration section */
		941862442A97C5CB00CCFEE1 /* Debug */ = {
			isa = XCBuildConfiguration;
			buildSettings = {
				ALWAYS_SEARCH_USER_PATHS = NO;
				CLANG_ANALYZER_NONNULL = YES;
				CLANG_ANALYZER_NUMBER_OBJECT_CONVERSION = YES_AGGRESSIVE;
				CLANG_CXX_LANGUAGE_STANDARD = "c++17";
				CLANG_ENABLE_MODULES = YES;
				CLANG_ENABLE_OBJC_ARC = YES;
				CLANG_ENABLE_OBJC_WEAK = YES;
				CLANG_WARN_BLOCK_CAPTURE_AUTORELEASING = YES;
				CLANG_WARN_BOOL_CONVERSION = YES;
				CLANG_WARN_COMMA = YES;
				CLANG_WARN_CONSTANT_CONVERSION = YES;
				CLANG_WARN_DEPRECATED_OBJC_IMPLEMENTATIONS = YES;
				CLANG_WARN_DIRECT_OBJC_ISA_USAGE = YES_ERROR;
				CLANG_WARN_DOCUMENTATION_COMMENTS = YES;
				CLANG_WARN_EMPTY_BODY = YES;
				CLANG_WARN_ENUM_CONVERSION = YES;
				CLANG_WARN_INFINITE_RECURSION = YES;
				CLANG_WARN_INT_CONVERSION = YES;
				CLANG_WARN_NON_LITERAL_NULL_CONVERSION = YES;
				CLANG_WARN_OBJC_IMPLICIT_RETAIN_SELF = YES;
				CLANG_WARN_OBJC_LITERAL_CONVERSION = YES;
				CLANG_WARN_OBJC_ROOT_CLASS = YES_ERROR;
				CLANG_WARN_QUOTED_INCLUDE_IN_FRAMEWORK_HEADER = YES;
				CLANG_WARN_RANGE_LOOP_ANALYSIS = YES;
				CLANG_WARN_STRICT_PROTOTYPES = YES;
				CLANG_WARN_SUSPICIOUS_MOVE = YES;
				CLANG_WARN_UNGUARDED_AVAILABILITY = YES_AGGRESSIVE;
				CLANG_WARN_UNREACHABLE_CODE = YES;
				CLANG_WARN__DUPLICATE_METHOD_MATCH = YES;
				COPY_PHASE_STRIP = NO;
				CURRENT_PROJECT_VERSION = 1;
				DEBUG_INFORMATION_FORMAT = dwarf;
				ENABLE_STRICT_OBJC_MSGSEND = YES;
				ENABLE_TESTABILITY = YES;
				GCC_C_LANGUAGE_STANDARD = c11;
				GCC_DYNAMIC_NO_PIC = NO;
				GCC_NO_COMMON_BLOCKS = YES;
				GCC_OPTIMIZATION_LEVEL = 0;
				GCC_PREPROCESSOR_DEFINITIONS = (
					"DEBUG=1",
					"$(inherited)",
				);
				GCC_WARN_64_TO_32_BIT_CONVERSION = YES;
				GCC_WARN_ABOUT_RETURN_TYPE = YES_ERROR;
				GCC_WARN_UNDECLARED_SELECTOR = YES;
				GCC_WARN_UNINITIALIZED_AUTOS = YES_AGGRESSIVE;
				GCC_WARN_UNUSED_FUNCTION = YES;
				GCC_WARN_UNUSED_VARIABLE = YES;
				IPHONEOS_DEPLOYMENT_TARGET = 11.0;
				MTL_ENABLE_DEBUG_INFO = INCLUDE_SOURCE;
				MTL_FAST_MATH = YES;
				ONLY_ACTIVE_ARCH = YES;
				SDKROOT = iphoneos;
				VERSIONING_SYSTEM = "apple-generic";
				VERSION_INFO_PREFIX = "";
			};
			name = Debug;
		};
		941862452A97C5CB00CCFEE1 /* Release */ = {
			isa = XCBuildConfiguration;
			buildSettings = {
				ALWAYS_SEARCH_USER_PATHS = NO;
				CLANG_ANALYZER_NONNULL = YES;
				CLANG_ANALYZER_NUMBER_OBJECT_CONVERSION = YES_AGGRESSIVE;
				CLANG_CXX_LANGUAGE_STANDARD = "c++17";
				CLANG_ENABLE_MODULES = YES;
				CLANG_ENABLE_OBJC_ARC = YES;
				CLANG_ENABLE_OBJC_WEAK = YES;
				CLANG_WARN_BLOCK_CAPTURE_AUTORELEASING = YES;
				CLANG_WARN_BOOL_CONVERSION = YES;
				CLANG_WARN_COMMA = YES;
				CLANG_WARN_CONSTANT_CONVERSION = YES;
				CLANG_WARN_DEPRECATED_OBJC_IMPLEMENTATIONS = YES;
				CLANG_WARN_DIRECT_OBJC_ISA_USAGE = YES_ERROR;
				CLANG_WARN_DOCUMENTATION_COMMENTS = YES;
				CLANG_WARN_EMPTY_BODY = YES;
				CLANG_WARN_ENUM_CONVERSION = YES;
				CLANG_WARN_INFINITE_RECURSION = YES;
				CLANG_WARN_INT_CONVERSION = YES;
				CLANG_WARN_NON_LITERAL_NULL_CONVERSION = YES;
				CLANG_WARN_OBJC_IMPLICIT_RETAIN_SELF = YES;
				CLANG_WARN_OBJC_LITERAL_CONVERSION = YES;
				CLANG_WARN_OBJC_ROOT_CLASS = YES_ERROR;
				CLANG_WARN_QUOTED_INCLUDE_IN_FRAMEWORK_HEADER = YES;
				CLANG_WARN_RANGE_LOOP_ANALYSIS = YES;
				CLANG_WARN_STRICT_PROTOTYPES = YES;
				CLANG_WARN_SUSPICIOUS_MOVE = YES;
				CLANG_WARN_UNGUARDED_AVAILABILITY = YES_AGGRESSIVE;
				CLANG_WARN_UNREACHABLE_CODE = YES;
				CLANG_WARN__DUPLICATE_METHOD_MATCH = YES;
				COPY_PHASE_STRIP = NO;
				CURRENT_PROJECT_VERSION = 1;
				DEBUG_INFORMATION_FORMAT = "dwarf-with-dsym";
				ENABLE_NS_ASSERTIONS = NO;
				ENABLE_STRICT_OBJC_MSGSEND = YES;
				GCC_C_LANGUAGE_STANDARD = c11;
				GCC_NO_COMMON_BLOCKS = YES;
				GCC_WARN_64_TO_32_BIT_CONVERSION = YES;
				GCC_WARN_ABOUT_RETURN_TYPE = YES_ERROR;
				GCC_WARN_UNDECLARED_SELECTOR = YES;
				GCC_WARN_UNINITIALIZED_AUTOS = YES_AGGRESSIVE;
				GCC_WARN_UNUSED_FUNCTION = YES;
				GCC_WARN_UNUSED_VARIABLE = YES;
				IPHONEOS_DEPLOYMENT_TARGET = 11.0;
				MTL_ENABLE_DEBUG_INFO = NO;
				MTL_FAST_MATH = YES;
				SDKROOT = iphoneos;
				VALIDATE_PRODUCT = YES;
				VERSIONING_SYSTEM = "apple-generic";
				VERSION_INFO_PREFIX = "";
			};
			name = Release;
		};
		941862472A97C5CB00CCFEE1 /* Debug */ = {
			isa = XCBuildConfiguration;
			buildSettings = {
				CLANG_WARN_QUOTED_INCLUDE_IN_FRAMEWORK_HEADER = NO;
				CODE_SIGN_IDENTITY = "";
				CODE_SIGN_STYLE = Automatic;
				CURRENT_PROJECT_VERSION = 1;
				DEFINES_MODULE = YES;
				DEVELOPMENT_TEAM = 77ML2BDZY2;
				DYLIB_COMPATIBILITY_VERSION = 1;
				DYLIB_CURRENT_VERSION = 1;
				DYLIB_INSTALL_NAME_BASE = "@rpath";
				ENABLE_MODULE_VERIFIER = YES;
				GENERATE_INFOPLIST_FILE = YES;
				HEADER_SEARCH_PATHS = (
					"$(TP_ROOT)/include",
					"$(TP_ROOT)/src/sqlite",
				);
				INFOPLIST_KEY_NSHumanReadableCopyright = "";
				INSTALL_PATH = "$(LOCAL_LIBRARY_DIR)/Frameworks";
				IPHONEOS_DEPLOYMENT_TARGET = 12.0;
				LD_RUNPATH_SEARCH_PATHS = (
					"$(inherited)",
					"@executable_path/Frameworks",
					"@loader_path/Frameworks",
				);
				MARKETING_VERSION = 1.0;
				MODULE_VERIFIER_SUPPORTED_LANGUAGES = "objective-c objective-c++";
				MODULE_VERIFIER_SUPPORTED_LANGUAGE_STANDARDS = "gnu11 gnu++20";
				PRODUCT_BUNDLE_IDENTIFIER = com.totalpave.sqlite3;
				PRODUCT_NAME = "$(TARGET_NAME:c99extidentifier)";
				SKIP_INSTALL = YES;
				SWIFT_EMIT_LOC_STRINGS = YES;
				TARGETED_DEVICE_FAMILY = "1,2";
				TP_ROOT = ../..;
			};
			name = Debug;
		};
		941862482A97C5CB00CCFEE1 /* Release */ = {
			isa = XCBuildConfiguration;
			buildSettings = {
				CLANG_WARN_QUOTED_INCLUDE_IN_FRAMEWORK_HEADER = NO;
				CODE_SIGN_IDENTITY = "";
				CODE_SIGN_STYLE = Automatic;
				CURRENT_PROJECT_VERSION = 1;
				DEFINES_MODULE = YES;
				DEVELOPMENT_TEAM = 77ML2BDZY2;
				DYLIB_COMPATIBILITY_VERSION = 1;
				DYLIB_CURRENT_VERSION = 1;
				DYLIB_INSTALL_NAME_BASE = "@rpath";
				ENABLE_MODULE_VERIFIER = YES;
				GENERATE_INFOPLIST_FILE = YES;
				HEADER_SEARCH_PATHS = (
					"$(TP_ROOT)/include",
					"$(TP_ROOT)/src/sqlite",
				);
				INFOPLIST_KEY_NSHumanReadableCopyright = "";
				INSTALL_PATH = "$(LOCAL_LIBRARY_DIR)/Frameworks";
				IPHONEOS_DEPLOYMENT_TARGET = 12.0;
				LD_RUNPATH_SEARCH_PATHS = (
					"$(inherited)",
					"@executable_path/Frameworks",
					"@loader_path/Frameworks",
				);
				MARKETING_VERSION = 1.0;
				MODULE_VERIFIER_SUPPORTED_LANGUAGES = "objective-c objective-c++";
				MODULE_VERIFIER_SUPPORTED_LANGUAGE_STANDARDS = "gnu11 gnu++20";
				PRODUCT_BUNDLE_IDENTIFIER = com.totalpave.sqlite3;
				PRODUCT_NAME = "$(TARGET_NAME:c99extidentifier)";
				SKIP_INSTALL = YES;
				SWIFT_EMIT_LOC_STRINGS = YES;
				TARGETED_DEVICE_FAMILY = "1,2";
				TP_ROOT = ../..;
			};
			name = Release;
		};
/* End XCBuildConfiguration section */

/* Begin XCConfigurationList section */
		9418622E2A97C5CB00CCFEE1 /* Build configuration list for PBXProject "sqlite" */ = {
			isa = XCConfigurationList;
			buildConfigurations = (
				941862442A97C5CB00CCFEE1 /* Debug */,
				941862452A97C5CB00CCFEE1 /* Release */,
			);
			defaultConfigurationIsVisible = 0;
			defaultConfigurationName = Release;
		};
		941862462A97C5CB00CCFEE1 /* Build configuration list for PBXNativeTarget "sqlite" */ = {
			isa = XCConfigurationList;
			buildConfigurations = (
				941862472A97C5CB00CCFEE1 /* Debug */,
				941862482A97C5CB00CCFEE1 /* Release */,
			);
			defaultConfigurationIsVisible = 0;
			defaultConfigurationName = Release;
		};
/* End XCConfigurationList section */
	};
	rootObject = 9418622B2A97C5CB00CCFEE1 /* Project object */;
}
